{
  "name": "intent-eval-lab-e2e",
  "version": "1.0.0",
  "lockfileVersion": 3,
  "requires": true,
  "packages": {
    "": {
      "name": "intent-eval-lab-e2e",
      "version": "1.0.0",
      "dependencies": {
        "@intentsolutions/core": "0.7.0"
      },
      "optionalDependencies": {
        "@intentsolutions/rollout-gate": "^2.0.0"
      }
    },
    "node_modules/@intentsolutions/core": {
      "version": "0.7.0",
      "resolved": "https://registry.npmjs.org/@intentsolutions/core/-/core-0.7.0.tgz",
      "integrity": "sha512-4ID9MktX4g7LAghPE/nBUtvNh9o9IQy5oMul/Bx0wnO6hYxTrf6YTi6yORsSJO65McZDbOiFoBnIDAzNrC1Vbw==",
      "license": "Apache-2.0",
      "dependencies": {
        "zod": "^4.4.3"
      },
      "engines": {
        "node": ">=20.0.0",
        "pnpm": ">=9.0.0"
      }
    },
    "node_modules/@intentsolutions/rollout-gate": {
      "version": "2.0.0",
      "resolved": "https://registry.npmjs.org/@intentsolutions/rollout-gate/-/rollout-gate-2.0.0.tgz",
      "integrity": "sha512-HtO/enlddagAIWJmf6YxKMhXnWumpAw1+8IeYVzCSeI6clcQk6bnNncNDhGvaPi5fm/JgTLY0ChE2ZOYA1yaGw==",
      "license": "Apache-2.0",
      "optional": true,
      "dependencies": {
        "zod": "^4.4.3"
      }
    },
    "node_modules/zod": {
      "version": "4.4.3",
      "resolved": "https://registry.npmjs.org/zod/-/zod-4.4.3.tgz",
      "integrity": "sha512-ytENFjIJFl2UwYglde2jchW2Hwm4GJFLDiSXWdTrJQBIN9Fcyp7n4DhxJEiWNAJMV1/BqWfW/kkg71UDcHJyTQ==",
      "license": "MIT",
      "funding": {
        "url": "https://github.com/sponsors/colinhacks"
      }
    }
  }
}
